
Microsoft Visual Studio Solution File, Format Version 12.00
# Visual Studio Version 17
VisualStudioVersion = 17.0.31903.59
MinimumVisualStudioVersion = 10.0.40219.1
Project("{9A19103F-16F7-4668-BE54-9A1E7A4F7556}") = "MauiFeed.Core", "MauiFeed.Core\MauiFeed.Core.csproj", "{EA892136-6E0D-4404-9660-6D3E53DE383B}"
EndProject
Project("{9A19103F-16F7-4668-BE54-9A1E7A4F7556}") = "MauiFeed.Core.Tests", "MauiFeed.Core.Tests\MauiFeed.Core.Tests.csproj", "{885545B1-FA63-48E9-B7D9-AB293AD78FE0}"
EndProject
Project("{9A19103F-16F7-4668-BE54-9A1E7A4F7556}") = "SmartReader", "..\external\SmartReader\src\SmartReader\SmartReader.csproj", "{3EEB1E12-5AA3-4EEA-9A2A-B2A0C5DEDE06}"
EndProject
Project("{2150E333-8FDC-42A3-9474-1A3956D46DE8}") = "Externals", "Externals", "{2AF90FC3-9460-4258-A086-18D3331B4270}"
EndProject
Project("{2150E333-8FDC-42A3-9474-1A3956D46DE8}") = "Tests", "Tests", "{86404F72-5BBD-4456-9486-614DDA66F737}"
EndProject
Project("{2150E333-8FDC-42A3-9474-1A3956D46DE8}") = "Core", "Core", "{5EB4AF5D-C8F3-4D46-9ED4-B64AC3929DA6}"
EndProject
Project("{9A19103F-16F7-4668-BE54-9A1E7A4F7556}") = "MauiFeed.WinUI", "MauiFeed.WinUI\MauiFeed.WinUI.csproj", "{091CC25E-4AEB-485D-B644-2C537C35588C}"
EndProject
Global
	GlobalSection(SolutionConfigurationPlatforms) = preSolution
		Debug|Any CPU = Debug|Any CPU
		Debug|ARM64 = Debug|ARM64
		Debug|x64 = Debug|x64
		Debug|x86 = Debug|x86
		Release|Any CPU = Release|Any CPU
		Release|ARM64 = Release|ARM64
		Release|x64 = Release|x64
		Release|x86 = Release|x86
	EndGlobalSection
	GlobalSection(ProjectConfigurationPlatforms) = postSolution
		{EA892136-6E0D-4404-9660-6D3E53DE383B}.Debug|Any CPU.ActiveCfg = Debug|Any CPU
		{EA892136-6E0D-4404-9660-6D3E53DE383B}.Debug|Any CPU.Build.0 = Debug|Any CPU
		{EA892136-6E0D-4404-9660-6D3E53DE383B}.Debug|ARM64.ActiveCfg = Debug|Any CPU
		{EA892136-6E0D-4404-9660-6D3E53DE383B}.Debug|ARM64.Build.0 = Debug|Any CPU
		{EA892136-6E0D-4404-9660-6D3E53DE383B}.Debug|x64.ActiveCfg = Debug|Any CPU
		{EA892136-6E0D-4404-9660-6D3E53DE383B}.Debug|x64.Build.0 = Debug|Any CPU
		{EA892136-6E0D-4404-9660-6D3E53DE383B}.Debug|x86.ActiveCfg = Debug|Any CPU
		{EA892136-6E0D-4404-9660-6D3E53DE383B}.Debug|x86.Build.0 = Debug|Any CPU
		{EA892136-6E0D-4404-9660-6D3E53DE383B}.Release|Any CPU.ActiveCfg = Release|Any CPU
		{EA892136-6E0D-4404-9660-6D3E53DE383B}.Release|Any CPU.Build.0 = Release|Any CPU
		{EA892136-6E0D-4404-9660-6D3E53DE383B}.Release|ARM64.ActiveCfg = Release|Any CPU
		{EA892136-6E0D-4404-9660-6D3E53DE383B}.Release|ARM64.Build.0 = Release|Any CPU
		{EA892136-6E0D-4404-9660-6D3E53DE383B}.Release|x64.ActiveCfg = Release|Any CPU
		{EA892136-6E0D-4404-9660-6D3E53DE383B}.Release|x64.Build.0 = Release|Any CPU
		{EA892136-6E0D-4404-9660-6D3E53DE383B}.Release|x86.ActiveCfg = Release|Any CPU
		{EA892136-6E0D-4404-9660-6D3E53DE383B}.Release|x86.Build.0 = Release|Any CPU
		{885545B1-FA63-48E9-B7D9-AB293AD78FE0}.Debug|Any CPU.ActiveCfg = Debug|Any CPU
		{885545B1-FA63-48E9-B7D9-AB293AD78FE0}.Debug|Any CPU.Build.0 = Debug|Any CPU
		{885545B1-FA63-48E9-B7D9-AB293AD78FE0}.Debug|ARM64.ActiveCfg = Debug|Any CPU
		{885545B1-FA63-48E9-B7D9-AB293AD78FE0}.Debug|ARM64.Build.0 = Debug|Any CPU
		{885545B1-FA63-48E9-B7D9-AB293AD78FE0}.Debug|x64.ActiveCfg = Debug|Any CPU
		{885545B1-FA63-48E9-B7D9-AB293AD78FE0}.Debug|x64.Build.0 = Debug|Any CPU
		{885545B1-FA63-48E9-B7D9-AB293AD78FE0}.Debug|x86.ActiveCfg = Debug|Any CPU
		{885545B1-FA63-48E9-B7D9-AB293AD78FE0}.Debug|x86.Build.0 = Debug|Any CPU
		{885545B1-FA63-48E9-B7D9-AB293AD78FE0}.Release|Any CPU.ActiveCfg = Release|Any CPU
		{885545B1-FA63-48E9-B7D9-AB293AD78FE0}.Release|Any CPU.Build.0 = Release|Any CPU
		{885545B1-FA63-48E9-B7D9-AB293AD78FE0}.Release|ARM64.ActiveCfg = Release|Any CPU
		{885545B1-FA63-48E9-B7D9-AB293AD78FE0}.Release|ARM64.Build.0 = Release|Any CPU
		{885545B1-FA63-48E9-B7D9-AB293AD78FE0}.Release|x64.ActiveCfg = Release|Any CPU
		{885545B1-FA63-48E9-B7D9-AB293AD78FE0}.Release|x64.Build.0 = Release|Any CPU
		{885545B1-FA63-48E9-B7D9-AB293AD78FE0}.Release|x86.ActiveCfg = Release|Any CPU
		{885545B1-FA63-48E9-B7D9-AB293AD78FE0}.Release|x86.Build.0 = Release|Any CPU
		{3EEB1E12-5AA3-4EEA-9A2A-B2A0C5DEDE06}.Debug|Any CPU.ActiveCfg = Debug|Any CPU
		{3EEB1E12-5AA3-4EEA-9A2A-B2A0C5DEDE06}.Debug|Any CPU.Build.0 = Debug|Any CPU
		{3EEB1E12-5AA3-4EEA-9A2A-B2A0C5DEDE06}.Debug|ARM64.ActiveCfg = Debug|Any CPU
		{3EEB1E12-5AA3-4EEA-9A2A-B2A0C5DEDE06}.Debug|ARM64.Build.0 = Debug|Any CPU
		{3EEB1E12-5AA3-4EEA-9A2A-B2A0C5DEDE06}.Debug|x64.ActiveCfg = Debug|Any CPU
		{3EEB1E12-5AA3-4EEA-9A2A-B2A0C5DEDE06}.Debug|x64.Build.0 = Debug|Any CPU
		{3EEB1E12-5AA3-4EEA-9A2A-B2A0C5DEDE06}.Debug|x86.ActiveCfg = Debug|Any CPU
		{3EEB1E12-5AA3-4EEA-9A2A-B2A0C5DEDE06}.Debug|x86.Build.0 = Debug|Any CPU
		{3EEB1E12-5AA3-4EEA-9A2A-B2A0C5DEDE06}.Release|Any CPU.ActiveCfg = Release|Any CPU
		{3EEB1E12-5AA3-4EEA-9A2A-B2A0C5DEDE06}.Release|Any CPU.Build.0 = Release|Any CPU
		{3EEB1E12-5AA3-4EEA-9A2A-B2A0C5DEDE06}.Release|ARM64.ActiveCfg = Release|Any CPU
		{3EEB1E12-5AA3-4EEA-9A2A-B2A0C5DEDE06}.Release|ARM64.Build.0 = Release|Any CPU
		{3EEB1E12-5AA3-4EEA-9A2A-B2A0C5DEDE06}.Release|x64.ActiveCfg = Release|Any CPU
		{3EEB1E12-5AA3-4EEA-9A2A-B2A0C5DEDE06}.Release|x64.Build.0 = Release|Any CPU
		{3EEB1E12-5AA3-4EEA-9A2A-B2A0C5DEDE06}.Release|x86.ActiveCfg = Release|Any CPU
		{3EEB1E12-5AA3-4EEA-9A2A-B2A0C5DEDE06}.Release|x86.Build.0 = Release|Any CPU
		{091CC25E-4AEB-485D-B644-2C537C35588C}.Debug|Any CPU.ActiveCfg = Debug|x64
		{091CC25E-4AEB-485D-B644-2C537C35588C}.Debug|Any CPU.Build.0 = Debug|x64
		{091CC25E-4AEB-485D-B644-2C537C35588C}.Debug|Any CPU.Deploy.0 = Debug|x64
		{091CC25E-4AEB-485D-B644-2C537C35588C}.Debug|ARM64.ActiveCfg = Debug|ARM64
		{091CC25E-4AEB-485D-B644-2C537C35588C}.Debug|ARM64.Build.0 = Debug|ARM64
		{091CC25E-4AEB-485D-B644-2C537C35588C}.Debug|ARM64.Deploy.0 = Debug|ARM64
		{091CC25E-4AEB-485D-B644-2C537C35588C}.Debug|x64.ActiveCfg = Debug|x64
		{091CC25E-4AEB-485D-B644-2C537C35588C}.Debug|x64.Build.0 = Debug|x64
		{091CC25E-4AEB-485D-B644-2C537C35588C}.Debug|x64.Deploy.0 = Debug|x64
		{091CC25E-4AEB-485D-B644-2C537C35588C}.Debug|x86.ActiveCfg = Debug|x86
		{091CC25E-4AEB-485D-B644-2C537C35588C}.Debug|x86.Build.0 = Debug|x86
		{091CC25E-4AEB-485D-B644-2C537C35588C}.Debug|x86.Deploy.0 = Debug|x86
		{091CC25E-4AEB-485D-B644-2C537C35588C}.Release|Any CPU.ActiveCfg = Release|x64
		{091CC25E-4AEB-485D-B644-2C537C35588C}.Release|Any CPU.Build.0 = Release|x64
		{091CC25E-4AEB-485D-B644-2C537C35588C}.Release|Any CPU.Deploy.0 = Release|x64
		{091CC25E-4AEB-485D-B644-2C537C35588C}.Release|ARM64.ActiveCfg = Release|ARM64
		{091CC25E-4AEB-485D-B644-2C537C35588C}.Release|ARM64.Build.0 = Release|ARM64
		{091CC25E-4AEB-485D-B644-2C537C35588C}.Release|ARM64.Deploy.0 = Release|ARM64
		{091CC25E-4AEB-485D-B644-2C537C35588C}.Release|x64.ActiveCfg = Release|x64
		{091CC25E-4AEB-485D-B644-2C537C35588C}.Release|x64.Build.0 = Release|x64
		{091CC25E-4AEB-485D-B644-2C537C35588C}.Release|x64.Deploy.0 = Release|x64
		{091CC25E-4AEB-485D-B644-2C537C35588C}.Release|x86.ActiveCfg = Release|x86
		{091CC25E-4AEB-485D-B644-2C537C35588C}.Release|x86.Build.0 = Release|x86
		{091CC25E-4AEB-485D-B644-2C537C35588C}.Release|x86.Deploy.0 = Release|x86
	EndGlobalSection
	GlobalSection(SolutionProperties) = preSolution
		HideSolutionNode = FALSE
	EndGlobalSection
	GlobalSection(NestedProjects) = preSolution
		{EA892136-6E0D-4404-9660-6D3E53DE383B} = {5EB4AF5D-C8F3-4D46-9ED4-B64AC3929DA6}
		{885545B1-FA63-48E9-B7D9-AB293AD78FE0} = {86404F72-5BBD-4456-9486-614DDA66F737}
		{3EEB1E12-5AA3-4EEA-9A2A-B2A0C5DEDE06} = {2AF90FC3-9460-4258-A086-18D3331B4270}
	EndGlobalSection
	GlobalSection(ExtensibilityGlobals) = postSolution
		SolutionGuid = {9EF3E306-0E1D-4173-AE8E-6A328345F429}
	EndGlobalSection
EndGlobal
